
Microsoft Visual Studio Solution File, Format Version 12.00
Project("{FAE04EC0-301F-11D3-BF4B-00C04F79EFBC}") = "CubeRealmServer", "CubeRealmServer\CubeRealmServer.csproj", "{D65362FD-2954-42A3-A65E-6FB545B7C938}"
EndProject
Project("{FAE04EC0-301F-11D3-BF4B-00C04F79EFBC}") = "NetworkAPI", "NetworkAPI\NetworkAPI.csproj", "{C99D6F62-9FEC-476C-A856-C2F2620D3BB3}"
EndProject
Project("{FAE04EC0-301F-11D3-BF4B-00C04F79EFBC}") = "Network", "Network\Network.csproj", "{7E7E381F-8532-40EF-AA4E-B5B90FAC3499}"
EndProject
Global
	GlobalSection(SolutionConfigurationPlatforms) = preSolution
		Debug|Any CPU = Debug|Any CPU
		Release|Any CPU = Release|Any CPU
	EndGlobalSection
	GlobalSection(ProjectConfigurationPlatforms) = postSolution
		{D65362FD-2954-42A3-A65E-6FB545B7C938}.Debug|Any CPU.ActiveCfg = Debug|Any CPU
		{D65362FD-2954-42A3-A65E-6FB545B7C938}.Debug|Any CPU.Build.0 = Debug|Any CPU
		{D65362FD-2954-42A3-A65E-6FB545B7C938}.Release|Any CPU.ActiveCfg = Release|Any CPU
		{D65362FD-2954-42A3-A65E-6FB545B7C938}.Release|Any CPU.Build.0 = Release|Any CPU
		{C99D6F62-9FEC-476C-A856-C2F2620D3BB3}.Debug|Any CPU.ActiveCfg = Debug|Any CPU
		{C99D6F62-9FEC-476C-A856-C2F2620D3BB3}.Debug|Any CPU.Build.0 = Debug|Any CPU
		{C99D6F62-9FEC-476C-A856-C2F2620D3BB3}.Release|Any CPU.ActiveCfg = Release|Any CPU
		{C99D6F62-9FEC-476C-A856-C2F2620D3BB3}.Release|Any CPU.Build.0 = Release|Any CPU
		{7E7E381F-8532-40EF-AA4E-B5B90FAC3499}.Debug|Any CPU.ActiveCfg = Debug|Any CPU
		{7E7E381F-8532-40EF-AA4E-B5B90FAC3499}.Debug|Any CPU.Build.0 = Debug|Any CPU
		{7E7E381F-8532-40EF-AA4E-B5B90FAC3499}.Release|Any CPU.ActiveCfg = Release|Any CPU
		{7E7E381F-8532-40EF-AA4E-B5B90FAC3499}.Release|Any CPU.Build.0 = Release|Any CPU
	EndGlobalSection
EndGlobal
